// !$*UTF8*$!
{
	archiveVersion = 1;
	classes = {
	};
	objectVersion = 48;
	objects = {

/* Begin PBXBuildFile section */
		800165551F98E2090010F2BE /* NewsTableViewCell.swift in Sources */ = {isa = PBXBuildFile; fileRef = 800165541F98E2090010F2BE /* NewsTableViewCell.swift */; };
		800165591F98E2A30010F2BE /* ReviewBadgeView.swift in Sources */ = {isa = PBXBuildFile; fileRef = 800165581F98E2A30010F2BE /* ReviewBadgeView.swift */; };
		8012DB8E1FA55B5E00F904AA /* SearchContainerController.swift in Sources */ = {isa = PBXBuildFile; fileRef = 8006B5B31FA3606800C6AC47 /* SearchContainerController.swift */; };
		801D6B1E1F97645600CEAE64 /* RXTableViewController.swift in Sources */ = {isa = PBXBuildFile; fileRef = 801D6B1B1F97644600CEAE64 /* RXTableViewController.swift */; };
		801D6B1F1F97645600CEAE64 /* RXViewController.swift in Sources */ = {isa = PBXBuildFile; fileRef = 801D6B1A1F97644500CEAE64 /* RXViewController.swift */; };
		801D6B201F97645900CEAE64 /* RXBlankTableViewCell.swift in Sources */ = {isa = PBXBuildFile; fileRef = 801D6B1C1F97645000CEAE64 /* RXBlankTableViewCell.swift */; };
		801D6B211F97645900CEAE64 /* RXTableViewCell.swift in Sources */ = {isa = PBXBuildFile; fileRef = 801D6B1D1F97645000CEAE64 /* RXTableViewCell.swift */; };
		801D6B271F9768B000CEAE64 /* MainTabBarController.swift in Sources */ = {isa = PBXBuildFile; fileRef = 801D6B261F9768B000CEAE64 /* MainTabBarController.swift */; };
		801D6B291F97691400CEAE64 /* NewsController.swift in Sources */ = {isa = PBXBuildFile; fileRef = 801D6B281F97691400CEAE64 /* NewsController.swift */; };
		801D6B2E1F976DC400CEAE64 /* newsSample.html in Resources */ = {isa = PBXBuildFile; fileRef = 801D6B2C1F976BF900CEAE64 /* newsSample.html */; };
		801D6B2F1F976DC600CEAE64 /* mainPageSample.html in Resources */ = {isa = PBXBuildFile; fileRef = 801D6B2D1F976C3500CEAE64 /* mainPageSample.html */; };
		80223F2C1FA74A8600DE4DB2 /* IntExtension.swift in Sources */ = {isa = PBXBuildFile; fileRef = 80223F2B1FA74A8600DE4DB2 /* IntExtension.swift */; };
		8031A72B1F98FB1600010540 /* ArrayExtension.swift in Sources */ = {isa = PBXBuildFile; fileRef = 8031A72A1F98FB1600010540 /* ArrayExtension.swift */; };
		8031A72D1F99054C00010540 /* UIColorExtension.swift in Sources */ = {isa = PBXBuildFile; fileRef = 8031A72C1F99054C00010540 /* UIColorExtension.swift */; };
		803C4E6E1FA56D7900459151 /* SearchResultNothingFoundView.swift in Sources */ = {isa = PBXBuildFile; fileRef = 803C4E6D1FA56D7900459151 /* SearchResultNothingFoundView.swift */; };
		803C4E701FA56E2000459151 /* UIFontExtension.swift in Sources */ = {isa = PBXBuildFile; fileRef = 803C4E6F1FA56E2000459151 /* UIFontExtension.swift */; };
		803C4E751FA575B100459151 /* LocalizedString.swift in Sources */ = {isa = PBXBuildFile; fileRef = 803C4E741FA575B100459151 /* LocalizedString.swift */; };
		803C4E791FA5CB9600459151 /* PresearchObject.swift in Sources */ = {isa = PBXBuildFile; fileRef = 803C4E781FA5CB9600459151 /* PresearchObject.swift */; };
		803C4E7B1FA5CE2300459151 /* WKWebViewNavigationController.swift in Sources */ = {isa = PBXBuildFile; fileRef = 803C4E7A1FA5CE2300459151 /* WKWebViewNavigationController.swift */; };
		803C4E7E1FA606A700459151 /* CameraDatabaseDataSource.swift in Sources */ = {isa = PBXBuildFile; fileRef = 803C4E7D1FA606A700459151 /* CameraDatabaseDataSource.swift */; };
		803C4E821FA6128400459151 /* LensDatabaseDataSource.swift in Sources */ = {isa = PBXBuildFile; fileRef = 803C4E811FA6128400459151 /* LensDatabaseDataSource.swift */; };
		803C4E841FA61A3700459151 /* SwiftyJSONExtension.swift in Sources */ = {isa = PBXBuildFile; fileRef = 803C4E831FA61A3700459151 /* SwiftyJSONExtension.swift */; };
		803C4E861FA6202600459151 /* LoadingView.swift in Sources */ = {isa = PBXBuildFile; fileRef = 803C4E851FA6202600459151 /* LoadingView.swift */; };
		803C4E8C1FA6453000459151 /* DeviceDetailController.swift in Sources */ = {isa = PBXBuildFile; fileRef = 803C4E8B1FA6453000459151 /* DeviceDetailController.swift */; };
		80430AD61F9DC6E700224DAA /* ArticlesController.swift in Sources */ = {isa = PBXBuildFile; fileRef = 80430AD51F9DC6E700224DAA /* ArticlesController.swift */; };
		8048FDAA1FB71B710031A212 /* Sensitive.swift in Sources */ = {isa = PBXBuildFile; fileRef = 8048FDA91FB71B710031A212 /* Sensitive.swift */; };
		80490D4B1FA4641600A14FB4 /* SearchResultController.swift in Sources */ = {isa = PBXBuildFile; fileRef = 80490D4A1FA4641600A14FB4 /* SearchResultController.swift */; };
		804AC1AB1F99B1C4006A052E /* DeviceDatabaseTableViewCell.swift in Sources */ = {isa = PBXBuildFile; fileRef = 804AC1AA1F99B1C4006A052E /* DeviceDatabaseTableViewCell.swift */; };
		8052731A1F9D8F5900F9642F /* SettingsController.swift in Sources */ = {isa = PBXBuildFile; fileRef = 805273191F9D8F5900F9642F /* SettingsController.swift */; };
		8052731C1F9D914800F9642F /* MoreFooterView.swift in Sources */ = {isa = PBXBuildFile; fileRef = 8052731B1F9D914800F9642F /* MoreFooterView.swift */; };
		8052731E1F9D981100F9642F /* MobileReviewController.swift in Sources */ = {isa = PBXBuildFile; fileRef = 8052731D1F9D981100F9642F /* MobileReviewController.swift */; };
		805273201F9D9A6500F9642F /* MobileChartController.swift in Sources */ = {isa = PBXBuildFile; fileRef = 8052731F1F9D9A6500F9642F /* MobileChartController.swift */; };
		805786651F960A92006D2B3C /* DXOService.swift in Sources */ = {isa = PBXBuildFile; fileRef = 805786641F960A92006D2B3C /* DXOService.swift */; };
		8057866B1F960CEF006D2B3C /* Log.swift in Sources */ = {isa = PBXBuildFile; fileRef = 805786681F960CEA006D2B3C /* Log.swift */; };
		8057866C1F960CEF006D2B3C /* Misc.swift in Sources */ = {isa = PBXBuildFile; fileRef = 805786691F960CEA006D2B3C /* Misc.swift */; };
		8057866E1F961DEB006D2B3C /* Review.swift in Sources */ = {isa = PBXBuildFile; fileRef = 8057866D1F961DEB006D2B3C /* Review.swift */; };
		8057866F1F961FAB006D2B3C /* RXError.swift in Sources */ = {isa = PBXBuildFile; fileRef = 805786671F960CEA006D2B3C /* RXError.swift */; };
		805786721F963797006D2B3C /* StringExtension.swift in Sources */ = {isa = PBXBuildFile; fileRef = 805786711F963797006D2B3C /* StringExtension.swift */; };
		8069039C1F9607C1005BA062 /* AppDelegate.swift in Sources */ = {isa = PBXBuildFile; fileRef = 8069039B1F9607C1005BA062 /* AppDelegate.swift */; };
		806903A31F9607C1005BA062 /* Assets.xcassets in Resources */ = {isa = PBXBuildFile; fileRef = 806903A21F9607C1005BA062 /* Assets.xcassets */; };
		806903A61F9607C1005BA062 /* LaunchScreen.storyboard in Resources */ = {isa = PBXBuildFile; fileRef = 806903A41F9607C1005BA062 /* LaunchScreen.storyboard */; };
		806E543B1FCC40CF0044D24C /* SearchController.swift in Sources */ = {isa = PBXBuildFile; fileRef = 806E543A1FCC40CF0044D24C /* SearchController.swift */; };
		80873B241FA6D68A00366CD0 /* DeviceDatabaseSortView.swift in Sources */ = {isa = PBXBuildFile; fileRef = 80873B231FA6D68A00366CD0 /* DeviceDatabaseSortView.swift */; };
		80873B261FA6D7FA00366CD0 /* UserDefaultsManager.swift in Sources */ = {isa = PBXBuildFile; fileRef = 80873B251FA6D7FA00366CD0 /* UserDefaultsManager.swift */; };
		80873B2C1FA6FF9800366CD0 /* DeviceDetailPictureHeaderView.swift in Sources */ = {isa = PBXBuildFile; fileRef = 80873B2B1FA6FF9800366CD0 /* DeviceDetailPictureHeaderView.swift */; };
		80873B2E1FA7006F00366CD0 /* DeviceDetailScoreTableViewCell.swift in Sources */ = {isa = PBXBuildFile; fileRef = 80873B2D1FA7006F00366CD0 /* DeviceDetailScoreTableViewCell.swift */; };
		80873B301FA70ACF00366CD0 /* DeviceDetailSpecificationsTableViewCell.swift in Sources */ = {isa = PBXBuildFile; fileRef = 80873B2F1FA70ACF00366CD0 /* DeviceDetailSpecificationsTableViewCell.swift */; };
		80873B321FA729FE00366CD0 /* UnclearView.swift in Sources */ = {isa = PBXBuildFile; fileRef = 80873B311FA729FE00366CD0 /* UnclearView.swift */; };
		80873B341FA72D7A00366CD0 /* IndexPathSwitch.swift in Sources */ = {isa = PBXBuildFile; fileRef = 80873B331FA72D7900366CD0 /* IndexPathSwitch.swift */; };
		808F54C21F9C4A1E00F0A2C4 /* DeviceDatabaseController.swift in Sources */ = {isa = PBXBuildFile; fileRef = 808F54C11F9C4A1E00F0A2C4 /* DeviceDatabaseController.swift */; };
		80BD2FF31F998F7D00396B45 /* DatabaseManager.swift in Sources */ = {isa = PBXBuildFile; fileRef = 80BD2FF21F998F7D00396B45 /* DatabaseManager.swift */; };
		80BDB34E1FA178EF00C4243D /* SettingsManager.swift in Sources */ = {isa = PBXBuildFile; fileRef = 80BDB34D1FA178EF00C4243D /* SettingsManager.swift */; };
		80C3F5DA1F99308C00F5D3E3 /* NewsDetailController.swift in Sources */ = {isa = PBXBuildFile; fileRef = 80C3F5D91F99308C00F5D3E3 /* NewsDetailController.swift */; };
		80C3F5E21F993B0700F5D3E3 /* CameraReviewController.swift in Sources */ = {isa = PBXBuildFile; fileRef = 80C3F5E11F993B0700F5D3E3 /* CameraReviewController.swift */; };
		80C3F5E41F993C5200F5D3E3 /* LensReviewController.swift in Sources */ = {isa = PBXBuildFile; fileRef = 80C3F5E31F993C5200F5D3E3 /* LensReviewController.swift */; };
		80C3F5E81F9942BD00F5D3E3 /* Camera.swift in Sources */ = {isa = PBXBuildFile; fileRef = 80C3F5E71F9942BD00F5D3E3 /* Camera.swift */; };
		80C3F5EA1F9942C600F5D3E3 /* Lens.swift in Sources */ = {isa = PBXBuildFile; fileRef = 80C3F5E91F9942C600F5D3E3 /* Lens.swift */; };
		80C3F5EC1F9942CD00F5D3E3 /* Mobile.swift in Sources */ = {isa = PBXBuildFile; fileRef = 80C3F5EB1F9942CD00F5D3E3 /* Mobile.swift */; };
		80C3F5F01F99441600F5D3E3 /* Device.swift in Sources */ = {isa = PBXBuildFile; fileRef = 80C3F5EF1F99441600F5D3E3 /* Device.swift */; };
		80C3F5F81F99563200F5D3E3 /* CameraManager.swift in Sources */ = {isa = PBXBuildFile; fileRef = 80C3F5F71F99563200F5D3E3 /* CameraManager.swift */; };
		80D1F6F41F9EE15D00997631 /* RetryLoadingView.swift in Sources */ = {isa = PBXBuildFile; fileRef = 80D1F6F31F9EE15D00997631 /* RetryLoadingView.swift */; };
		80D1F6F61F9EE89300997631 /* TestController.swift in Sources */ = {isa = PBXBuildFile; fileRef = 80D1F6F51F9EE89300997631 /* TestController.swift */; };
		80D1F74F1F9F1B8900997631 /* InfoPlist.strings in Resources */ = {isa = PBXBuildFile; fileRef = 80D1F7511F9F1B8900997631 /* InfoPlist.strings */; };
		80D1F7531F9F1B9C00997631 /* Localizable.strings in Resources */ = {isa = PBXBuildFile; fileRef = 80D1F7551F9F1B9C00997631 /* Localizable.strings */; };
		80D1F7581F9F3AA300997631 /* UIViewControllerExtension.swift in Sources */ = {isa = PBXBuildFile; fileRef = 80D1F7571F9F3AA300997631 /* UIViewControllerExtension.swift */; };
		80D1F75A1F9F4DEE00997631 /* UIRefreshControlExtension.swift in Sources */ = {isa = PBXBuildFile; fileRef = 80D1F7591F9F4DED00997631 /* UIRefreshControlExtension.swift */; };
		80DAAC6F1F996EAC003648BF /* testedLens.json in Resources */ = {isa = PBXBuildFile; fileRef = 80DAAC6E1F996C58003648BF /* testedLens.json */; };
		80DAAC711F996FAB003648BF /* DataExtension.swift in Sources */ = {isa = PBXBuildFile; fileRef = 80DAAC701F996FAB003648BF /* DataExtension.swift */; };
		80DAAC721F9972F0003648BF /* testedCamera.json in Resources */ = {isa = PBXBuildFile; fileRef = 80C3F5F51F99556E00F5D3E3 /* testedCamera.json */; };
		80E689481F9BFB3200577D41 /* MoreController.swift in Sources */ = {isa = PBXBuildFile; fileRef = 80E689471F9BFB3200577D41 /* MoreController.swift */; };
		80EB94F81F9F5EAF008EFECB /* OpenSourceController.swift in Sources */ = {isa = PBXBuildFile; fileRef = 80EB94F71F9F5EAF008EFECB /* OpenSourceController.swift */; };
		80EB94FA1F9F61CA008EFECB /* GenericReviewListController.swift in Sources */ = {isa = PBXBuildFile; fileRef = 80EB94F91F9F61CA008EFECB /* GenericReviewListController.swift */; };
		80F746611F9DA081009184E2 /* MobileChartTableViewCell.swift in Sources */ = {isa = PBXBuildFile; fileRef = 80F746601F9DA081009184E2 /* MobileChartTableViewCell.swift */; };
		F09CA3A31F057DBCA09A2991 /* Pods_DXOSwift.framework in Frameworks */ = {isa = PBXBuildFile; fileRef = 6A741648CA6650E4F914EA2E /* Pods_DXOSwift.framework */; };
/* End PBXBuildFile section */

/* Begin PBXFileReference section */
		2271530587CAFABC91F757C6 /* Pods-DXOSwift.release.xcconfig */ = {isa = PBXFileReference; includeInIndex = 1; lastKnownFileType = text.xcconfig; name = "Pods-DXOSwift.release.xcconfig"; path = "Pods/Target Support Files/Pods-DXOSwift/Pods-DXOSwift.release.xcconfig"; sourceTree = "<group>"; };
		6A741648CA6650E4F914EA2E /* Pods_DXOSwift.framework */ = {isa = PBXFileReference; explicitFileType = wrapper.framework; includeInIndex = 0; path = Pods_DXOSwift.framework; sourceTree = BUILT_PRODUCTS_DIR; };
		800165541F98E2090010F2BE /* NewsTableViewCell.swift */ = {isa = PBXFileReference; lastKnownFileType = sourcecode.swift; path = NewsTableViewCell.swift; sourceTree = "<group>"; };
		800165581F98E2A30010F2BE /* ReviewBadgeView.swift */ = {isa = PBXFileReference; lastKnownFileType = sourcecode.swift; path = ReviewBadgeView.swift; sourceTree = "<group>"; };
		8006B5B31FA3606800C6AC47 /* SearchContainerController.swift */ = {isa = PBXFileReference; lastKnownFileType = sourcecode.swift; path = SearchContainerController.swift; sourceTree = "<group>"; };
		801D6B1A1F97644500CEAE64 /* RXViewController.swift */ = {isa = PBXFileReference; lastKnownFileType = sourcecode.swift; path = RXViewController.swift; sourceTree = "<group>"; };
		801D6B1B1F97644600CEAE64 /* RXTableViewController.swift */ = {isa = PBXFileReference; lastKnownFileType = sourcecode.swift; path = RXTableViewController.swift; sourceTree = "<group>"; };
		801D6B1C1F97645000CEAE64 /* RXBlankTableViewCell.swift */ = {isa = PBXFileReference; lastKnownFileType = sourcecode.swift; path = RXBlankTableViewCell.swift; sourceTree = "<group>"; };
		801D6B1D1F97645000CEAE64 /* RXTableViewCell.swift */ = {isa = PBXFileReference; lastKnownFileType = sourcecode.swift; path = RXTableViewCell.swift; sourceTree = "<group>"; };
		801D6B261F9768B000CEAE64 /* MainTabBarController.swift */ = {isa = PBXFileReference; lastKnownFileType = sourcecode.swift; path = MainTabBarController.swift; sourceTree = "<group>"; };
		801D6B281F97691400CEAE64 /* NewsController.swift */ = {isa = PBXFileReference; lastKnownFileType = sourcecode.swift; path = NewsController.swift; sourceTree = "<group>"; };
		801D6B2C1F976BF900CEAE64 /* newsSample.html */ = {isa = PBXFileReference; lastKnownFileType = text.html; path = newsSample.html; sourceTree = "<group>"; };
		801D6B2D1F976C3500CEAE64 /* mainPageSample.html */ = {isa = PBXFileReference; lastKnownFileType = text.html; path = mainPageSample.html; sourceTree = "<group>"; };
		80223F2B1FA74A8600DE4DB2 /* IntExtension.swift */ = {isa = PBXFileReference; lastKnownFileType = sourcecode.swift; path = IntExtension.swift; sourceTree = "<group>"; };
		8031A72A1F98FB1600010540 /* ArrayExtension.swift */ = {isa = PBXFileReference; lastKnownFileType = sourcecode.swift; path = ArrayExtension.swift; sourceTree = "<group>"; };
		8031A72C1F99054C00010540 /* UIColorExtension.swift */ = {isa = PBXFileReference; lastKnownFileType = sourcecode.swift; path = UIColorExtension.swift; sourceTree = "<group>"; };
		803C4E6D1FA56D7900459151 /* SearchResultNothingFoundView.swift */ = {isa = PBXFileReference; lastKnownFileType = sourcecode.swift; path = SearchResultNothingFoundView.swift; sourceTree = "<group>"; };
		803C4E6F1FA56E2000459151 /* UIFontExtension.swift */ = {isa = PBXFileReference; lastKnownFileType = sourcecode.swift; path = UIFontExtension.swift; sourceTree = "<group>"; };
		803C4E741FA575B100459151 /* LocalizedString.swift */ = {isa = PBXFileReference; lastKnownFileType = sourcecode.swift; path = LocalizedString.swift; sourceTree = "<group>"; };
		803C4E781FA5CB9600459151 /* PresearchObject.swift */ = {isa = PBXFileReference; lastKnownFileType = sourcecode.swift; path = PresearchObject.swift; sourceTree = "<group>"; };
		803C4E7A1FA5CE2300459151 /* WKWebViewNavigationController.swift */ = {isa = PBXFileReference; lastKnownFileType = sourcecode.swift; path = WKWebViewNavigationController.swift; sourceTree = "<group>"; };
		803C4E7D1FA606A700459151 /* CameraDatabaseDataSource.swift */ = {isa = PBXFileReference; lastKnownFileType = sourcecode.swift; path = CameraDatabaseDataSource.swift; sourceTree = "<group>"; };
		803C4E811FA6128400459151 /* LensDatabaseDataSource.swift */ = {isa = PBXFileReference; lastKnownFileType = sourcecode.swift; path = LensDatabaseDataSource.swift; sourceTree = "<group>"; };
		803C4E831FA61A3700459151 /* SwiftyJSONExtension.swift */ = {isa = PBXFileReference; lastKnownFileType = sourcecode.swift; path = SwiftyJSONExtension.swift; sourceTree = "<group>"; };
		803C4E851FA6202600459151 /* LoadingView.swift */ = {isa = PBXFileReference; lastKnownFileType = sourcecode.swift; path = LoadingView.swift; sourceTree = "<group>"; };
		803C4E8B1FA6453000459151 /* DeviceDetailController.swift */ = {isa = PBXFileReference; lastKnownFileType = sourcecode.swift; path = DeviceDetailController.swift; sourceTree = "<group>"; };
		80430AD51F9DC6E700224DAA /* ArticlesController.swift */ = {isa = PBXFileReference; lastKnownFileType = sourcecode.swift; path = ArticlesController.swift; sourceTree = "<group>"; };
		8048FDA91FB71B710031A212 /* Sensitive.swift */ = {isa = PBXFileReference; lastKnownFileType = sourcecode.swift; path = Sensitive.swift; sourceTree = "<group>"; };
		80490D4A1FA4641600A14FB4 /* SearchResultController.swift */ = {isa = PBXFileReference; lastKnownFileType = sourcecode.swift; path = SearchResultController.swift; sourceTree = "<group>"; };
		804AC1AA1F99B1C4006A052E /* DeviceDatabaseTableViewCell.swift */ = {isa = PBXFileReference; lastKnownFileType = sourcecode.swift; path = DeviceDatabaseTableViewCell.swift; sourceTree = "<group>"; };
		805273191F9D8F5900F9642F /* SettingsController.swift */ = {isa = PBXFileReference; lastKnownFileType = sourcecode.swift; path = SettingsController.swift; sourceTree = "<group>"; };
		8052731B1F9D914800F9642F /* MoreFooterView.swift */ = {isa = PBXFileReference; lastKnownFileType = sourcecode.swift; path = MoreFooterView.swift; sourceTree = "<group>"; };
		8052731D1F9D981100F9642F /* MobileReviewController.swift */ = {isa = PBXFileReference; lastKnownFileType = sourcecode.swift; path = MobileReviewController.swift; sourceTree = "<group>"; };
		8052731F1F9D9A6500F9642F /* MobileChartController.swift */ = {isa = PBXFileReference; lastKnownFileType = sourcecode.swift; path = MobileChartController.swift; sourceTree = "<group>"; };
		805786641F960A92006D2B3C /* DXOService.swift */ = {isa = PBXFileReference; lastKnownFileType = sourcecode.swift; path = DXOService.swift; sourceTree = "<group>"; };
		805786671F960CEA006D2B3C /* RXError.swift */ = {isa = PBXFileReference; lastKnownFileType = sourcecode.swift; path = RXError.swift; sourceTree = "<group>"; };
		805786681F960CEA006D2B3C /* Log.swift */ = {isa = PBXFileReference; lastKnownFileType = sourcecode.swift; path = Log.swift; sourceTree = "<group>"; };
		805786691F960CEA006D2B3C /* Misc.swift */ = {isa = PBXFileReference; lastKnownFileType = sourcecode.swift; path = Misc.swift; sourceTree = "<group>"; };
		8057866D1F961DEB006D2B3C /* Review.swift */ = {isa = PBXFileReference; lastKnownFileType = sourcecode.swift; path = Review.swift; sourceTree = "<group>"; };
		805786711F963797006D2B3C /* StringExtension.swift */ = {isa = PBXFileReference; lastKnownFileType = sourcecode.swift; path = StringExtension.swift; sourceTree = "<group>"; };
		806903981F9607C1005BA062 /* DXOSwift.app */ = {isa = PBXFileReference; explicitFileType = wrapper.application; includeInIndex = 0; path = DXOSwift.app; sourceTree = BUILT_PRODUCTS_DIR; };
		8069039B1F9607C1005BA062 /* AppDelegate.swift */ = {isa = PBXFileReference; lastKnownFileType = sourcecode.swift; path = AppDelegate.swift; sourceTree = "<group>"; };
		806903A21F9607C1005BA062 /* Assets.xcassets */ = {isa = PBXFileReference; lastKnownFileType = folder.assetcatalog; path = Assets.xcassets; sourceTree = "<group>"; };
		806903A51F9607C1005BA062 /* Base */ = {isa = PBXFileReference; lastKnownFileType = file.storyboard; name = Base; path = Base.lproj/LaunchScreen.storyboard; sourceTree = "<group>"; };
		806903A71F9607C1005BA062 /* Info.plist */ = {isa = PBXFileReference; lastKnownFileType = text.plist.xml; path = Info.plist; sourceTree = "<group>"; };
		806E543A1FCC40CF0044D24C /* SearchController.swift */ = {isa = PBXFileReference; lastKnownFileType = sourcecode.swift; path = SearchController.swift; sourceTree = "<group>"; };
		80873B231FA6D68A00366CD0 /* DeviceDatabaseSortView.swift */ = {isa = PBXFileReference; lastKnownFileType = sourcecode.swift; path = DeviceDatabaseSortView.swift; sourceTree = "<group>"; };
		80873B251FA6D7FA00366CD0 /* UserDefaultsManager.swift */ = {isa = PBXFileReference; lastKnownFileType = sourcecode.swift; path = UserDefaultsManager.swift; sourceTree = "<group>"; };
		80873B2B1FA6FF9800366CD0 /* DeviceDetailPictureHeaderView.swift */ = {isa = PBXFileReference; lastKnownFileType = sourcecode.swift; path = DeviceDetailPictureHeaderView.swift; sourceTree = "<group>"; };
		80873B2D1FA7006F00366CD0 /* DeviceDetailScoreTableViewCell.swift */ = {isa = PBXFileReference; lastKnownFileType = sourcecode.swift; path = DeviceDetailScoreTableViewCell.swift; sourceTree = "<group>"; };
		80873B2F1FA70ACF00366CD0 /* DeviceDetailSpecificationsTableViewCell.swift */ = {isa = PBXFileReference; lastKnownFileType = sourcecode.swift; path = DeviceDetailSpecificationsTableViewCell.swift; sourceTree = "<group>"; };
		80873B311FA729FE00366CD0 /* UnclearView.swift */ = {isa = PBXFileReference; lastKnownFileType = sourcecode.swift; path = UnclearView.swift; sourceTree = "<group>"; };
		80873B331FA72D7900366CD0 /* IndexPathSwitch.swift */ = {isa = PBXFileReference; lastKnownFileType = sourcecode.swift; path = IndexPathSwitch.swift; sourceTree = "<group>"; };
		808F54C11F9C4A1E00F0A2C4 /* DeviceDatabaseController.swift */ = {isa = PBXFileReference; lastKnownFileType = sourcecode.swift; path = DeviceDatabaseController.swift; sourceTree = "<group>"; };
		80BD2FF21F998F7D00396B45 /* DatabaseManager.swift */ = {isa = PBXFileReference; lastKnownFileType = sourcecode.swift; path = DatabaseManager.swift; sourceTree = "<group>"; };
		80BDB34D1FA178EF00C4243D /* SettingsManager.swift */ = {isa = PBXFileReference; lastKnownFileType = sourcecode.swift; path = SettingsManager.swift; sourceTree = "<group>"; };
		80C3F5D91F99308C00F5D3E3 /* NewsDetailController.swift */ = {isa = PBXFileReference; lastKnownFileType = sourcecode.swift; path = NewsDetailController.swift; sourceTree = "<group>"; };
		80C3F5E11F993B0700F5D3E3 /* CameraReviewController.swift */ = {isa = PBXFileReference; lastKnownFileType = sourcecode.swift; path = CameraReviewController.swift; sourceTree = "<group>"; };
		80C3F5E31F993C5200F5D3E3 /* LensReviewController.swift */ = {isa = PBXFileReference; lastKnownFileType = sourcecode.swift; path = LensReviewController.swift; sourceTree = "<group>"; };
		80C3F5E71F9942BD00F5D3E3 /* Camera.swift */ = {isa = PBXFileReference; lastKnownFileType = sourcecode.swift; path = Camera.swift; sourceTree = "<group>"; };
		80C3F5E91F9942C600F5D3E3 /* Lens.swift */ = {isa = PBXFileReference; lastKnownFileType = sourcecode.swift; path = Lens.swift; sourceTree = "<group>"; };
		80C3F5EB1F9942CD00F5D3E3 /* Mobile.swift */ = {isa = PBXFileReference; lastKnownFileType = sourcecode.swift; path = Mobile.swift; sourceTree = "<group>"; };
		80C3F5EF1F99441600F5D3E3 /* Device.swift */ = {isa = PBXFileReference; lastKnownFileType = sourcecode.swift; path = Device.swift; sourceTree = "<group>"; };
		80C3F5F51F99556E00F5D3E3 /* testedCamera.json */ = {isa = PBXFileReference; lastKnownFileType = text.json; path = testedCamera.json; sourceTree = "<group>"; };
		80C3F5F71F99563200F5D3E3 /* CameraManager.swift */ = {isa = PBXFileReference; lastKnownFileType = sourcecode.swift; path = CameraManager.swift; sourceTree = "<group>"; };
		80D1F6F31F9EE15D00997631 /* RetryLoadingView.swift */ = {isa = PBXFileReference; lastKnownFileType = sourcecode.swift; path = RetryLoadingView.swift; sourceTree = "<group>"; };
		80D1F6F51F9EE89300997631 /* TestController.swift */ = {isa = PBXFileReference; lastKnownFileType = sourcecode.swift; path = TestController.swift; sourceTree = "<group>"; };
		80D1F7471F9F198700997631 /* zh-Hans */ = {isa = PBXFileReference; lastKnownFileType = text.plist.strings; name = "zh-Hans"; path = "zh-Hans.lproj/LaunchScreen.strings"; sourceTree = "<group>"; };
		80D1F7501F9F1B8900997631 /* en */ = {isa = PBXFileReference; lastKnownFileType = text.plist.strings; name = en; path = en.lproj/InfoPlist.strings; sourceTree = "<group>"; };
		80D1F7521F9F1B8B00997631 /* zh-Hans */ = {isa = PBXFileReference; lastKnownFileType = text.plist.strings; name = "zh-Hans"; path = "zh-Hans.lproj/InfoPlist.strings"; sourceTree = "<group>"; };
		80D1F7541F9F1B9C00997631 /* en */ = {isa = PBXFileReference; lastKnownFileType = text.plist.strings; name = en; path = en.lproj/Localizable.strings; sourceTree = "<group>"; };
		80D1F7561F9F1B9D00997631 /* zh-Hans */ = {isa = PBXFileReference; lastKnownFileType = text.plist.strings; name = "zh-Hans"; path = "zh-Hans.lproj/Localizable.strings"; sourceTree = "<group>"; };
		80D1F7571F9F3AA300997631 /* UIViewControllerExtension.swift */ = {isa = PBXFileReference; lastKnownFileType = sourcecode.swift; path = UIViewControllerExtension.swift; sourceTree = "<group>"; };
		80D1F7591F9F4DED00997631 /* UIRefreshControlExtension.swift */ = {isa = PBXFileReference; lastKnownFileType = sourcecode.swift; path = UIRefreshControlExtension.swift; sourceTree = "<group>"; };
		80DAAC6E1F996C58003648BF /* testedLens.json */ = {isa = PBXFileReference; lastKnownFileType = text.json; path = testedLens.json; sourceTree = "<group>"; };
		80DAAC701F996FAB003648BF /* DataExtension.swift */ = {isa = PBXFileReference; lastKnownFileType = sourcecode.swift; path = DataExtension.swift; sourceTree = "<group>"; };
		80E689471F9BFB3200577D41 /* MoreController.swift */ = {isa = PBXFileReference; lastKnownFileType = sourcecode.swift; path = MoreController.swift; sourceTree = "<group>"; };
		80EB94F71F9F5EAF008EFECB /* OpenSourceController.swift */ = {isa = PBXFileReference; lastKnownFileType = sourcecode.swift; path = OpenSourceController.swift; sourceTree = "<group>"; };
		80EB94F91F9F61CA008EFECB /* GenericReviewListController.swift */ = {isa = PBXFileReference; lastKnownFileType = sourcecode.swift; path = GenericReviewListController.swift; sourceTree = "<group>"; };
		80F746601F9DA081009184E2 /* MobileChartTableViewCell.swift */ = {isa = PBXFileReference; lastKnownFileType = sourcecode.swift; path = MobileChartTableViewCell.swift; sourceTree = "<group>"; };
		D581D841187F3A1593E1BC5D /* Pods-DXOSwift.debug.xcconfig */ = {isa = PBXFileReference; includeInIndex = 1; lastKnownFileType = text.xcconfig; name = "Pods-DXOSwift.debug.xcconfig"; path = "Pods/Target Support Files/Pods-DXOSwift/Pods-DXOSwift.debug.xcconfig"; sourceTree = "<group>"; };
/* End PBXFileReference section */

/* Begin PBXFrameworksBuildPhase section */
		806903951F9607C1005BA062 /* Frameworks */ = {
			isa = PBXFrameworksBuildPhase;
			buildActionMask = 2147483647;
			files = (
				F09CA3A31F057DBCA09A2991 /* Pods_DXOSwift.framework in Frameworks */,
			);
			runOnlyForDeploymentPostprocessing = 0;
		};
/* End PBXFrameworksBuildPhase section */

/* Begin PBXGroup section */
		4C36356EFFD01C19228ABFF1 /* Pods */ = {
			isa = PBXGroup;
			children = (
				D581D841187F3A1593E1BC5D /* Pods-DXOSwift.debug.xcconfig */,
				2271530587CAFABC91F757C6 /* Pods-DXOSwift.release.xcconfig */,
			);
			name = Pods;
			sourceTree = "<group>";
		};
		5BD77004650CDE8F2F91F2FA /* Frameworks */ = {
			isa = PBXGroup;
			children = (
				6A741648CA6650E4F914EA2E /* Pods_DXOSwift.framework */,
			);
			name = Frameworks;
			sourceTree = "<group>";
		};
		800165531F98E1EB0010F2BE /* View */ = {
			isa = PBXGroup;
			children = (
				800165541F98E2090010F2BE /* NewsTableViewCell.swift */,
				800165581F98E2A30010F2BE /* ReviewBadgeView.swift */,
				803C4E6D1FA56D7900459151 /* SearchResultNothingFoundView.swift */,
			);
			path = View;
			sourceTree = "<group>";
		};
		801D6B221F97686900CEAE64 /* News */ = {
			isa = PBXGroup;
			children = (
				801D6B231F97686900CEAE64 /* Controller */,
				800165531F98E1EB0010F2BE /* View */,
			);
			path = News;
			sourceTree = "<group>";
		};
		801D6B231F97686900CEAE64 /* Controller */ = {
			isa = PBXGroup;
			children = (
				801D6B281F97691400CEAE64 /* NewsController.swift */,
				80C3F5D91F99308C00F5D3E3 /* NewsDetailController.swift */,
				8006B5B31FA3606800C6AC47 /* SearchContainerController.swift */,
				80490D4A1FA4641600A14FB4 /* SearchResultController.swift */,
				803C4E7A1FA5CE2300459151 /* WKWebViewNavigationController.swift */,
			);
			path = Controller;
			sourceTree = "<group>";
		};
		801D6B2A1F976BEB00CEAE64 /* Resource */ = {
			isa = PBXGroup;
			children = (
				801D6B2B1F976BEB00CEAE64 /* HTMLSample */,
			);
			path = Resource;
			sourceTree = "<group>";
		};
		801D6B2B1F976BEB00CEAE64 /* HTMLSample */ = {
			isa = PBXGroup;
			children = (
				801D6B2C1F976BF900CEAE64 /* newsSample.html */,
				801D6B2D1F976C3500CEAE64 /* mainPageSample.html */,
				80C3F5F51F99556E00F5D3E3 /* testedCamera.json */,
				80DAAC6E1F996C58003648BF /* testedLens.json */,
			);
			path = HTMLSample;
			sourceTree = "<group>";
		};
		803C4E7C1FA6068E00459151 /* DataSource */ = {
			isa = PBXGroup;
			children = (
				803C4E7D1FA606A700459151 /* CameraDatabaseDataSource.swift */,
				803C4E811FA6128400459151 /* LensDatabaseDataSource.swift */,
			);
			path = DataSource;
			sourceTree = "<group>";
		};
		805786611F960A79006D2B3C /* Module */ = {
			isa = PBXGroup;
			children = (
				801D6B261F9768B000CEAE64 /* MainTabBarController.swift */,
				801D6B221F97686900CEAE64 /* News */,
				80C3F5DE1F993AF800F5D3E3 /* Camera */,
				80C3F5DB1F993AF800F5D3E3 /* Lens */,
				80E689441F9BFB2500577D41 /* More */,
			);
			path = Module;
			sourceTree = "<group>";
		};
		805786621F960A79006D2B3C /* Model */ = {
			isa = PBXGroup;
			children = (
				8057866D1F961DEB006D2B3C /* Review.swift */,
				80C3F5E71F9942BD00F5D3E3 /* Camera.swift */,
				80C3F5E91F9942C600F5D3E3 /* Lens.swift */,
				80C3F5EB1F9942CD00F5D3E3 /* Mobile.swift */,
				80C3F5EF1F99441600F5D3E3 /* Device.swift */,
				803C4E781FA5CB9600459151 /* PresearchObject.swift */,
			);
			path = Model;
			sourceTree = "<group>";
		};
		805786631F960A85006D2B3C /* Service */ = {
			isa = PBXGroup;
			children = (
				805786641F960A92006D2B3C /* DXOService.swift */,
			);
			path = Service;
			sourceTree = "<group>";
		};
		805786661F960CD5006D2B3C /* Util */ = {
			isa = PBXGroup;
			children = (
				803C4E741FA575B100459151 /* LocalizedString.swift */,
				805786671F960CEA006D2B3C /* RXError.swift */,
				805786681F960CEA006D2B3C /* Log.swift */,
				805786691F960CEA006D2B3C /* Misc.swift */,
				8048FDA91FB71B710031A212 /* Sensitive.swift */,
			);
			path = Util;
			sourceTree = "<group>";
		};
		805786701F9626D8006D2B3C /* Extension */ = {
			isa = PBXGroup;
			children = (
				805786711F963797006D2B3C /* StringExtension.swift */,
				8031A72A1F98FB1600010540 /* ArrayExtension.swift */,
				8031A72C1F99054C00010540 /* UIColorExtension.swift */,
				80DAAC701F996FAB003648BF /* DataExtension.swift */,
				80D1F7571F9F3AA300997631 /* UIViewControllerExtension.swift */,
				80D1F7591F9F4DED00997631 /* UIRefreshControlExtension.swift */,
				803C4E6F1FA56E2000459151 /* UIFontExtension.swift */,
				803C4E831FA61A3700459151 /* SwiftyJSONExtension.swift */,
				80223F2B1FA74A8600DE4DB2 /* IntExtension.swift */,
			);
			path = Extension;
			sourceTree = "<group>";
		};
		805786731F967831006D2B3C /* Common */ = {
			isa = PBXGroup;
			children = (
				805786741F967848006D2B3C /* Controller */,
				805786751F967848006D2B3C /* View */,
			);
			path = Common;
			sourceTree = "<group>";
		};
		805786741F967848006D2B3C /* Controller */ = {
			isa = PBXGroup;
			children = (
				801D6B1B1F97644600CEAE64 /* RXTableViewController.swift */,
				801D6B1A1F97644500CEAE64 /* RXViewController.swift */,
				80EB94F91F9F61CA008EFECB /* GenericReviewListController.swift */,
				806E543A1FCC40CF0044D24C /* SearchController.swift */,
			);
			path = Controller;
			sourceTree = "<group>";
		};
		805786751F967848006D2B3C /* View */ = {
			isa = PBXGroup;
			children = (
				801D6B1C1F97645000CEAE64 /* RXBlankTableViewCell.swift */,
				801D6B1D1F97645000CEAE64 /* RXTableViewCell.swift */,
				80D1F6F31F9EE15D00997631 /* RetryLoadingView.swift */,
				803C4E851FA6202600459151 /* LoadingView.swift */,
				80873B311FA729FE00366CD0 /* UnclearView.swift */,
				80873B331FA72D7900366CD0 /* IndexPathSwitch.swift */,
			);
			path = View;
			sourceTree = "<group>";
		};
		8069038F1F9607C1005BA062 = {
			isa = PBXGroup;
			children = (
				8069039A1F9607C1005BA062 /* DXOSwift */,
				806903991F9607C1005BA062 /* Products */,
				4C36356EFFD01C19228ABFF1 /* Pods */,
				5BD77004650CDE8F2F91F2FA /* Frameworks */,
			);
			sourceTree = "<group>";
		};
		806903991F9607C1005BA062 /* Products */ = {
			isa = PBXGroup;
			children = (
				806903981F9607C1005BA062 /* DXOSwift.app */,
			);
			name = Products;
			sourceTree = "<group>";
		};
		8069039A1F9607C1005BA062 /* DXOSwift */ = {
			isa = PBXGroup;
			children = (
				8069039B1F9607C1005BA062 /* AppDelegate.swift */,
				805786631F960A85006D2B3C /* Service */,
				805786621F960A79006D2B3C /* Model */,
				80C3F5F61F99562100F5D3E3 /* Manager */,
				805786731F967831006D2B3C /* Common */,
				805786611F960A79006D2B3C /* Module */,
				801D6B2A1F976BEB00CEAE64 /* Resource */,
				805786701F9626D8006D2B3C /* Extension */,
				805786661F960CD5006D2B3C /* Util */,
				80D1F7481F9F1AD700997631 /* Support */,
				806903A21F9607C1005BA062 /* Assets.xcassets */,
				806903A41F9607C1005BA062 /* LaunchScreen.storyboard */,
				806903A71F9607C1005BA062 /* Info.plist */,
			);
			path = DXOSwift;
			sourceTree = "<group>";
		};
		80C3F5DB1F993AF800F5D3E3 /* Lens */ = {
			isa = PBXGroup;
			children = (
				80C3F5DC1F993AF800F5D3E3 /* Controller */,
				80C3F5DD1F993AF800F5D3E3 /* View */,
			);
			path = Lens;
			sourceTree = "<group>";
		};
		80C3F5DC1F993AF800F5D3E3 /* Controller */ = {
			isa = PBXGroup;
			children = (
				80C3F5E31F993C5200F5D3E3 /* LensReviewController.swift */,
			);
			path = Controller;
			sourceTree = "<group>";
		};
		80C3F5DD1F993AF800F5D3E3 /* View */ = {
			isa = PBXGroup;
			children = (
			);
			path = View;
			sourceTree = "<group>";
		};
		80C3F5DE1F993AF800F5D3E3 /* Camera */ = {
			isa = PBXGroup;
			children = (
				80C3F5DF1F993AF800F5D3E3 /* Controller */,
				80C3F5E01F993AF800F5D3E3 /* View */,
				803C4E7C1FA6068E00459151 /* DataSource */,
			);
			path = Camera;
			sourceTree = "<group>";
		};
		80C3F5DF1F993AF800F5D3E3 /* Controller */ = {
			isa = PBXGroup;
			children = (
				80C3F5E11F993B0700F5D3E3 /* CameraReviewController.swift */,
				808F54C11F9C4A1E00F0A2C4 /* DeviceDatabaseController.swift */,
				803C4E8B1FA6453000459151 /* DeviceDetailController.swift */,
			);
			path = Controller;
			sourceTree = "<group>";
		};
		80C3F5E01F993AF800F5D3E3 /* View */ = {
			isa = PBXGroup;
			children = (
				804AC1AA1F99B1C4006A052E /* DeviceDatabaseTableViewCell.swift */,
				80873B231FA6D68A00366CD0 /* DeviceDatabaseSortView.swift */,
				80873B2B1FA6FF9800366CD0 /* DeviceDetailPictureHeaderView.swift */,
				80873B2D1FA7006F00366CD0 /* DeviceDetailScoreTableViewCell.swift */,
				80873B2F1FA70ACF00366CD0 /* DeviceDetailSpecificationsTableViewCell.swift */,
			);
			path = View;
			sourceTree = "<group>";
		};
		80C3F5F61F99562100F5D3E3 /* Manager */ = {
			isa = PBXGroup;
			children = (
				80C3F5F71F99563200F5D3E3 /* CameraManager.swift */,
				80BD2FF21F998F7D00396B45 /* DatabaseManager.swift */,
				80BDB34D1FA178EF00C4243D /* SettingsManager.swift */,
				80873B251FA6D7FA00366CD0 /* UserDefaultsManager.swift */,
			);
			path = Manager;
			sourceTree = "<group>";
		};
		80D1F7481F9F1AD700997631 /* Support */ = {
			isa = PBXGroup;
			children = (
				80D1F7511F9F1B8900997631 /* InfoPlist.strings */,
				80D1F7551F9F1B9C00997631 /* Localizable.strings */,
			);
			path = Support;
			sourceTree = "<group>";
		};
		80E689441F9BFB2500577D41 /* More */ = {
			isa = PBXGroup;
			children = (
				80E689451F9BFB2500577D41 /* Controller */,
				80E689461F9BFB2500577D41 /* View */,
			);
			path = More;
			sourceTree = "<group>";
		};
		80E689451F9BFB2500577D41 /* Controller */ = {
			isa = PBXGroup;
			children = (
				80E689471F9BFB3200577D41 /* MoreController.swift */,
				805273191F9D8F5900F9642F /* SettingsController.swift */,
				8052731D1F9D981100F9642F /* MobileReviewController.swift */,
				8052731F1F9D9A6500F9642F /* MobileChartController.swift */,
				80430AD51F9DC6E700224DAA /* ArticlesController.swift */,
				80EB94F71F9F5EAF008EFECB /* OpenSourceController.swift */,
				80D1F6F51F9EE89300997631 /* TestController.swift */,
			);
			path = Controller;
			sourceTree = "<group>";
		};
		80E689461F9BFB2500577D41 /* View */ = {
			isa = PBXGroup;
			children = (
				8052731B1F9D914800F9642F /* MoreFooterView.swift */,
				80F746601F9DA081009184E2 /* MobileChartTableViewCell.swift */,
			);
			path = View;
			sourceTree = "<group>";
		};
/* End PBXGroup section */

/* Begin PBXNativeTarget section */
		806903971F9607C1005BA062 /* DXOSwift */ = {
			isa = PBXNativeTarget;
			buildConfigurationList = 806903AA1F9607C1005BA062 /* Build configuration list for PBXNativeTarget "DXOSwift" */;
			buildPhases = (
				EEA7B7F6D0C4C181F2A285B5 /* [CP] Check Pods Manifest.lock */,
				803C4E711FA5703700459151 /* ShellScript */,
				806903941F9607C1005BA062 /* Sources */,
				806903951F9607C1005BA062 /* Frameworks */,
				806903961F9607C1005BA062 /* Resources */,
				A037DEEA3F747809BFB6B4BD /* [CP] Embed Pods Frameworks */,
				10E8DADAEFA939A8685BED6D /* [CP] Copy Pods Resources */,
			);
			buildRules = (
			);
			dependencies = (
			);
			name = DXOSwift;
			productName = DXOSwift;
			productReference = 806903981F9607C1005BA062 /* DXOSwift.app */;
			productType = "com.apple.product-type.application";
		};
/* End PBXNativeTarget section */

/* Begin PBXProject section */
		806903901F9607C1005BA062 /* Project object */ = {
			isa = PBXProject;
			attributes = {
				LastSwiftUpdateCheck = 0900;
				LastUpgradeCheck = 0900;
				ORGANIZATIONNAME = ruixingchen;
				TargetAttributes = {
					806903971F9607C1005BA062 = {
						CreatedOnToolsVersion = 9.0;
						ProvisioningStyle = Automatic;
					};
				};
			};
			buildConfigurationList = 806903931F9607C1005BA062 /* Build configuration list for PBXProject "DXOSwift" */;
			compatibilityVersion = "Xcode 8.0";
			developmentRegion = en;
			hasScannedForEncodings = 0;
			knownRegions = (
				en,
				Base,
				"zh-Hans",
			);
			mainGroup = 8069038F1F9607C1005BA062;
			productRefGroup = 806903991F9607C1005BA062 /* Products */;
			projectDirPath = "";
			projectRoot = "";
			targets = (
				806903971F9607C1005BA062 /* DXOSwift */,
			);
		};
/* End PBXProject section */

/* Begin PBXResourcesBuildPhase section */
		806903961F9607C1005BA062 /* Resources */ = {
			isa = PBXResourcesBuildPhase;
			buildActionMask = 2147483647;
			files = (
				806903A61F9607C1005BA062 /* LaunchScreen.storyboard in Resources */,
				80D1F74F1F9F1B8900997631 /* InfoPlist.strings in Resources */,
				80DAAC721F9972F0003648BF /* testedCamera.json in Resources */,
				801D6B2E1F976DC400CEAE64 /* newsSample.html in Resources */,
				801D6B2F1F976DC600CEAE64 /* mainPageSample.html in Resources */,
				80D1F7531F9F1B9C00997631 /* Localizable.strings in Resources */,
				806903A31F9607C1005BA062 /* Assets.xcassets in Resources */,
				80DAAC6F1F996EAC003648BF /* testedLens.json in Resources */,
			);
			runOnlyForDeploymentPostprocessing = 0;
		};
/* End PBXResourcesBuildPhase section */

/* Begin PBXShellScriptBuildPhase section */
		10E8DADAEFA939A8685BED6D /* [CP] Copy Pods Resources */ = {
			isa = PBXShellScriptBuildPhase;
			buildActionMask = 2147483647;
			files = (
			);
			inputPaths = (
			);
			name = "[CP] Copy Pods Resources";
			outputPaths = (
			);
			runOnlyForDeploymentPostprocessing = 0;
			shellPath = /bin/sh;
			shellScript = "\"${SRCROOT}/Pods/Target Support Files/Pods-DXOSwift/Pods-DXOSwift-resources.sh\"\n";
			showEnvVarsInLog = 0;
		};
		803C4E711FA5703700459151 /* ShellScript */ = {
			isa = PBXShellScriptBuildPhase;
			buildActionMask = 2147483647;
			files = (
			);
			inputPaths = (
			);
			outputPaths = (
			);
			runOnlyForDeploymentPostprocessing = 0;
			shellPath = /bin/sh;
			shellScript = "# locate Localizable.strings\nlocalizableFile=\"${SRCROOT}/${PROJECT_NAME}/Support/en.lproj/Localizable.strings\"\n\n# path for generated Swift file\nlocalizedFile=\"${SRCROOT}/${PROJECT_NAME}/Util/LocalizedString.swift\"\n\n# convert localizable.strings to Swift, then save to tmp file\nsed \"s/\\\" = \\\".*$/;/g\" ${localizableFile} | sed \"s/.*/& &/\" | sed \"s/^\\\"/  static var /g\" | sed \"s/; \\\"/: String { return \\\"/g\" | sed \"s/;/\\\".localized() }/g\" > \"${localizedFile}.tmp\"\n\n# write the head of the struct\necho -e \"import Foundation\\n\\nstruct LocalizedString {\\n \" > \"${localizedFile}\"\n\n# write in from tmp file\ncat \"${localizedFile}.tmp\" >> \"${localizedFile}\"\n\n# write the foot of the struct\necho -e \"\\n}\" >> \"${localizedFile}\"\n\n# delete tmp file\nrm \"${localizedFile}.tmp\"";
		};
		A037DEEA3F747809BFB6B4BD /* [CP] Embed Pods Frameworks */ = {
			isa = PBXShellScriptBuildPhase;
			buildActionMask = 2147483647;
			files = (
			);
			inputPaths = (
				"${SRCROOT}/Pods/Target Support Files/Pods-DXOSwift/Pods-DXOSwift-frameworks.sh",
				"${BUILT_PRODUCTS_DIR}/Charts/Charts.framework",
				"${BUILT_PRODUCTS_DIR}/FMDB/FMDB.framework",
				"${BUILT_PRODUCTS_DIR}/GDPerformanceView-Swift/GDPerformanceView_Swift.framework",
				"${BUILT_PRODUCTS_DIR}/Kanna/Kanna.framework",
				"${BUILT_PRODUCTS_DIR}/Kingfisher/Kingfisher.framework",
				"${BUILT_PRODUCTS_DIR}/MJRefresh/MJRefresh.framework",
				"${BUILT_PRODUCTS_DIR}/ObjcExceptionBridging/ObjcExceptionBridging.framework",
				"${BUILT_PRODUCTS_DIR}/SDCycleScrollView/SDCycleScrollView.framework",
				"${BUILT_PRODUCTS_DIR}/SDWebImage/SDWebImage.framework",
				"${BUILT_PRODUCTS_DIR}/SnapKit/SnapKit.framework",
				"${BUILT_PRODUCTS_DIR}/StatefulViewController/StatefulViewController.framework",
				"${BUILT_PRODUCTS_DIR}/SwiftyJSON/SwiftyJSON.framework",
				"${BUILT_PRODUCTS_DIR}/Toast-Swift/Toast_Swift.framework",
				"${BUILT_PRODUCTS_DIR}/UITableView+FDTemplateLayoutCell/UITableView_FDTemplateLayoutCell.framework",
				"${BUILT_PRODUCTS_DIR}/XCGLogger/XCGLogger.framework",
				"${BUILT_PRODUCTS_DIR}/netfox/netfox.framework",
			);
			name = "[CP] Embed Pods Frameworks";
			outputPaths = (
				"${TARGET_BUILD_DIR}/${FRAMEWORKS_FOLDER_PATH}/Charts.framework",
				"${TARGET_BUILD_DIR}/${FRAMEWORKS_FOLDER_PATH}/FMDB.framework",
				"${TARGET_BUILD_DIR}/${FRAMEWORKS_FOLDER_PATH}/GDPerformanceView_Swift.framework",
				"${TARGET_BUILD_DIR}/${FRAMEWORKS_FOLDER_PATH}/Kanna.framework",
				"${TARGET_BUILD_DIR}/${FRAMEWORKS_FOLDER_PATH}/Kingfisher.framework",
				"${TARGET_BUILD_DIR}/${FRAMEWORKS_FOLDER_PATH}/MJRefresh.framework",
				"${TARGET_BUILD_DIR}/${FRAMEWORKS_FOLDER_PATH}/ObjcExceptionBridging.framework",
				"${TARGET_BUILD_DIR}/${FRAMEWORKS_FOLDER_PATH}/SDCycleScrollView.framework",
				"${TARGET_BUILD_DIR}/${FRAMEWORKS_FOLDER_PATH}/SDWebImage.framework",
				"${TARGET_BUILD_DIR}/${FRAMEWORKS_FOLDER_PATH}/SnapKit.framework",
				"${TARGET_BUILD_DIR}/${FRAMEWORKS_FOLDER_PATH}/StatefulViewController.framework",
				"${TARGET_BUILD_DIR}/${FRAMEWORKS_FOLDER_PATH}/SwiftyJSON.framework",
				"${TARGET_BUILD_DIR}/${FRAMEWORKS_FOLDER_PATH}/Toast_Swift.framework",
				"${TARGET_BUILD_DIR}/${FRAMEWORKS_FOLDER_PATH}/UITableView_FDTemplateLayoutCell.framework",
				"${TARGET_BUILD_DIR}/${FRAMEWORKS_FOLDER_PATH}/XCGLogger.framework",
				"${TARGET_BUILD_DIR}/${FRAMEWORKS_FOLDER_PATH}/netfox.framework",
			);
			runOnlyForDeploymentPostprocessing = 0;
			shellPath = /bin/sh;
			shellScript = "\"${SRCROOT}/Pods/Target Support Files/Pods-DXOSwift/Pods-DXOSwift-frameworks.sh\"\n";
			showEnvVarsInLog = 0;
		};
		EEA7B7F6D0C4C181F2A285B5 /* [CP] Check Pods Manifest.lock */ = {
			isa = PBXShellScriptBuildPhase;
			buildActionMask = 2147483647;
			files = (
			);
			inputPaths = (
				"${PODS_PODFILE_DIR_PATH}/Podfile.lock",
				"${PODS_ROOT}/Manifest.lock",
			);
			name = "[CP] Check Pods Manifest.lock";
			outputPaths = (
				"$(DERIVED_FILE_DIR)/Pods-DXOSwift-checkManifestLockResult.txt",
			);
			runOnlyForDeploymentPostprocessing = 0;
			shellPath = /bin/sh;
			shellScript = "diff \"${PODS_PODFILE_DIR_PATH}/Podfile.lock\" \"${PODS_ROOT}/Manifest.lock\" > /dev/null\nif [ $? != 0 ] ; then\n    # print error to STDERR\n    echo \"error: The sandbox is not in sync with the Podfile.lock. Run 'pod install' or update your CocoaPods installation.\" >&2\n    exit 1\nfi\n# This output is used by Xcode 'outputs' to avoid re-running this script phase.\necho \"SUCCESS\" > \"${SCRIPT_OUTPUT_FILE_0}\"\n";
			showEnvVarsInLog = 0;
		};
/* End PBXShellScriptBuildPhase section */

/* Begin PBXSourcesBuildPhase section */
		806903941F9607C1005BA062 /* Sources */ = {
			isa = PBXSourcesBuildPhase;
			buildActionMask = 2147483647;
			files = (
				803C4E7E1FA606A700459151 /* CameraDatabaseDataSource.swift in Sources */,
				80BDB34E1FA178EF00C4243D /* SettingsManager.swift in Sources */,
				80C3F5E81F9942BD00F5D3E3 /* Camera.swift in Sources */,
				80873B301FA70ACF00366CD0 /* DeviceDetailSpecificationsTableViewCell.swift in Sources */,
				8031A72D1F99054C00010540 /* UIColorExtension.swift in Sources */,
				801D6B291F97691400CEAE64 /* NewsController.swift in Sources */,
				80873B261FA6D7FA00366CD0 /* UserDefaultsManager.swift in Sources */,
				80873B321FA729FE00366CD0 /* UnclearView.swift in Sources */,
				80BD2FF31F998F7D00396B45 /* DatabaseManager.swift in Sources */,
				8069039C1F9607C1005BA062 /* AppDelegate.swift in Sources */,
				80C3F5DA1F99308C00F5D3E3 /* NewsDetailController.swift in Sources */,
				808F54C21F9C4A1E00F0A2C4 /* DeviceDatabaseController.swift in Sources */,
				80EB94F81F9F5EAF008EFECB /* OpenSourceController.swift in Sources */,
				805273201F9D9A6500F9642F /* MobileChartController.swift in Sources */,
				80873B2C1FA6FF9800366CD0 /* DeviceDetailPictureHeaderView.swift in Sources */,
				800165591F98E2A30010F2BE /* ReviewBadgeView.swift in Sources */,
				806E543B1FCC40CF0044D24C /* SearchController.swift in Sources */,
				80DAAC711F996FAB003648BF /* DataExtension.swift in Sources */,
				80C3F5E41F993C5200F5D3E3 /* LensReviewController.swift in Sources */,
				80D1F6F61F9EE89300997631 /* TestController.swift in Sources */,
				80E689481F9BFB3200577D41 /* MoreController.swift in Sources */,
				805786721F963797006D2B3C /* StringExtension.swift in Sources */,
				80223F2C1FA74A8600DE4DB2 /* IntExtension.swift in Sources */,
				8052731C1F9D914800F9642F /* MoreFooterView.swift in Sources */,
				80430AD61F9DC6E700224DAA /* ArticlesController.swift in Sources */,
				801D6B271F9768B000CEAE64 /* MainTabBarController.swift in Sources */,
				803C4E7B1FA5CE2300459151 /* WKWebViewNavigationController.swift in Sources */,
				80F746611F9DA081009184E2 /* MobileChartTableViewCell.swift in Sources */,
				80EB94FA1F9F61CA008EFECB /* GenericReviewListController.swift in Sources */,
				80C3F5EA1F9942C600F5D3E3 /* Lens.swift in Sources */,
				80873B2E1FA7006F00366CD0 /* DeviceDetailScoreTableViewCell.swift in Sources */,
				801D6B201F97645900CEAE64 /* RXBlankTableViewCell.swift in Sources */,
				80873B341FA72D7A00366CD0 /* IndexPathSwitch.swift in Sources */,
				803C4E791FA5CB9600459151 /* PresearchObject.swift in Sources */,
				803C4E8C1FA6453000459151 /* DeviceDetailController.swift in Sources */,
				80490D4B1FA4641600A14FB4 /* SearchResultController.swift in Sources */,
				805786651F960A92006D2B3C /* DXOService.swift in Sources */,
				8048FDAA1FB71B710031A212 /* Sensitive.swift in Sources */,
				80C3F5E21F993B0700F5D3E3 /* CameraReviewController.swift in Sources */,
				80C3F5F81F99563200F5D3E3 /* CameraManager.swift in Sources */,
				8052731E1F9D981100F9642F /* MobileReviewController.swift in Sources */,
				8012DB8E1FA55B5E00F904AA /* SearchContainerController.swift in Sources */,
				804AC1AB1F99B1C4006A052E /* DeviceDatabaseTableViewCell.swift in Sources */,
				8057866B1F960CEF006D2B3C /* Log.swift in Sources */,
				803C4E751FA575B100459151 /* LocalizedString.swift in Sources */,
				803C4E861FA6202600459151 /* LoadingView.swift in Sources */,
				80C3F5EC1F9942CD00F5D3E3 /* Mobile.swift in Sources */,
				80C3F5F01F99441600F5D3E3 /* Device.swift in Sources */,
				801D6B1F1F97645600CEAE64 /* RXViewController.swift in Sources */,
				803C4E701FA56E2000459151 /* UIFontExtension.swift in Sources */,
				803C4E841FA61A3700459151 /* SwiftyJSONExtension.swift in Sources */,
				80D1F75A1F9F4DEE00997631 /* UIRefreshControlExtension.swift in Sources */,
				800165551F98E2090010F2BE /* NewsTableViewCell.swift in Sources */,
				8057866C1F960CEF006D2B3C /* Misc.swift in Sources */,
				8031A72B1F98FB1600010540 /* ArrayExtension.swift in Sources */,
				8057866F1F961FAB006D2B3C /* RXError.swift in Sources */,
				801D6B211F97645900CEAE64 /* RXTableViewCell.swift in Sources */,
				8052731A1F9D8F5900F9642F /* SettingsController.swift in Sources */,
				80D1F7581F9F3AA300997631 /* UIViewControllerExtension.swift in Sources */,
				80D1F6F41F9EE15D00997631 /* RetryLoadingView.swift in Sources */,
				803C4E6E1FA56D7900459151 /* SearchResultNothingFoundView.swift in Sources */,
				803C4E821FA6128400459151 /* LensDatabaseDataSource.swift in Sources */,
				8057866E1F961DEB006D2B3C /* Review.swift in Sources */,
				801D6B1E1F97645600CEAE64 /* RXTableViewController.swift in Sources */,
				80873B241FA6D68A00366CD0 /* DeviceDatabaseSortView.swift in Sources */,
			);
			runOnlyForDeploymentPostprocessing = 0;
		};
/* End PBXSourcesBuildPhase section */

/* Begin PBXVariantGroup section */
		806903A41F9607C1005BA062 /* LaunchScreen.storyboard */ = {
			isa = PBXVariantGroup;
			children = (
				806903A51F9607C1005BA062 /* Base */,
				80D1F7471F9F198700997631 /* zh-Hans */,
			);
			name = LaunchScreen.storyboard;
			sourceTree = "<group>";
		};
		80D1F7511F9F1B8900997631 /* InfoPlist.strings */ = {
			isa = PBXVariantGroup;
			children = (
				80D1F7501F9F1B8900997631 /* en */,
				80D1F7521F9F1B8B00997631 /* zh-Hans */,
			);
			name = InfoPlist.strings;
			sourceTree = "<group>";
		};
		80D1F7551F9F1B9C00997631 /* Localizable.strings */ = {
			isa = PBXVariantGroup;
			children = (
				80D1F7541F9F1B9C00997631 /* en */,
				80D1F7561F9F1B9D00997631 /* zh-Hans */,
			);
			name = Localizable.strings;
			sourceTree = "<group>";
		};
/* End PBXVariantGroup section */

/* Begin XCBuildConfiguration section */
		806903A81F9607C1005BA062 /* Debug */ = {
			isa = XCBuildConfiguration;
			buildSettings = {
				ALWAYS_SEARCH_USER_PATHS = NO;
				CLANG_ANALYZER_LOCALIZABILITY_NONLOCALIZED = YES;
				CLANG_ANALYZER_NONNULL = YES;
				CLANG_ANALYZER_NUMBER_OBJECT_CONVERSION = YES_AGGRESSIVE;
				CLANG_CXX_LANGUAGE_STANDARD = "gnu++14";
				CLANG_CXX_LIBRARY = "libc++";
				CLANG_ENABLE_MODULES = YES;
				CLANG_ENABLE_OBJC_ARC = YES;
				CLANG_WARN_BLOCK_CAPTURE_AUTORELEASING = YES;
				CLANG_WARN_BOOL_CONVERSION = YES;
				CLANG_WARN_COMMA = YES;
				CLANG_WARN_CONSTANT_CONVERSION = YES;
				CLANG_WARN_DIRECT_OBJC_ISA_USAGE = YES_ERROR;
				CLANG_WARN_DOCUMENTATION_COMMENTS = YES;
				CLANG_WARN_EMPTY_BODY = YES;
				CLANG_WARN_ENUM_CONVERSION = YES;
				CLANG_WARN_INFINITE_RECURSION = YES;
				CLANG_WARN_INT_CONVERSION = YES;
				CLANG_WARN_NON_LITERAL_NULL_CONVERSION = YES;
				CLANG_WARN_OBJC_LITERAL_CONVERSION = YES;
				CLANG_WARN_OBJC_ROOT_CLASS = YES_ERROR;
				CLANG_WARN_RANGE_LOOP_ANALYSIS = YES;
				CLANG_WARN_STRICT_PROTOTYPES = YES;
				CLANG_WARN_SUSPICIOUS_MOVE = YES;
				CLANG_WARN_UNGUARDED_AVAILABILITY = YES_AGGRESSIVE;
				CLANG_WARN_UNREACHABLE_CODE = YES;
				CLANG_WARN__DUPLICATE_METHOD_MATCH = YES;
				CODE_SIGN_IDENTITY = "iPhone Developer";
				COPY_PHASE_STRIP = NO;
				DEBUG_INFORMATION_FORMAT = dwarf;
				ENABLE_STRICT_OBJC_MSGSEND = YES;
				ENABLE_TESTABILITY = YES;
				GCC_C_LANGUAGE_STANDARD = gnu11;
				GCC_DYNAMIC_NO_PIC = NO;
				GCC_NO_COMMON_BLOCKS = YES;
				GCC_OPTIMIZATION_LEVEL = 0;
				GCC_PREPROCESSOR_DEFINITIONS = (
					"DEBUG=1",
					"$(inherited)",
				);
				GCC_WARN_64_TO_32_BIT_CONVERSION = YES;
				GCC_WARN_ABOUT_RETURN_TYPE = YES_ERROR;
				GCC_WARN_UNDECLARED_SELECTOR = YES;
				GCC_WARN_UNINITIALIZED_AUTOS = YES_AGGRESSIVE;
				GCC_WARN_UNUSED_FUNCTION = YES;
				GCC_WARN_UNUSED_VARIABLE = YES;
				IPHONEOS_DEPLOYMENT_TARGET = 11.0;
				MTL_ENABLE_DEBUG_INFO = YES;
				ONLY_ACTIVE_ARCH = YES;
				SDKROOT = iphoneos;
				SWIFT_ACTIVE_COMPILATION_CONDITIONS = DEBUG;
				SWIFT_OPTIMIZATION_LEVEL = "-Onone";
			};
			name = Debug;
		};
		806903A91F9607C1005BA062 /* Release */ = {
			isa = XCBuildConfiguration;
			buildSettings = {
				ALWAYS_SEARCH_USER_PATHS = NO;
				CLANG_ANALYZER_LOCALIZABILITY_NONLOCALIZED = YES;
				CLANG_ANALYZER_NONNULL = YES;
				CLANG_ANALYZER_NUMBER_OBJECT_CONVERSION = YES_AGGRESSIVE;
				CLANG_CXX_LANGUAGE_STANDARD = "gnu++14";
				CLANG_CXX_LIBRARY = "libc++";
				CLANG_ENABLE_MODULES = YES;
				CLANG_ENABLE_OBJC_ARC = YES;
				CLANG_WARN_BLOCK_CAPTURE_AUTORELEASING = YES;
				CLANG_WARN_BOOL_CONVERSION = YES;
				CLANG_WARN_COMMA = YES;
				CLANG_WARN_CONSTANT_CONVERSION = YES;
				CLANG_WARN_DIRECT_OBJC_ISA_USAGE = YES_ERROR;
				CLANG_WARN_DOCUMENTATION_COMMENTS = YES;
				CLANG_WARN_EMPTY_BODY = YES;
				CLANG_WARN_ENUM_CONVERSION = YES;
				CLANG_WARN_INFINITE_RECURSION = YES;
				CLANG_WARN_INT_CONVERSION = YES;
				CLANG_WARN_NON_LITERAL_NULL_CONVERSION = YES;
				CLANG_WARN_OBJC_LITERAL_CONVERSION = YES;
				CLANG_WARN_OBJC_ROOT_CLASS = YES_ERROR;
				CLANG_WARN_RANGE_LOOP_ANALYSIS = YES;
				CLANG_WARN_STRICT_PROTOTYPES = YES;
				CLANG_WARN_SUSPICIOUS_MOVE = YES;
				CLANG_WARN_UNGUARDED_AVAILABILITY = YES_AGGRESSIVE;
				CLANG_WARN_UNREACHABLE_CODE = YES;
				CLANG_WARN__DUPLICATE_METHOD_MATCH = YES;
				CODE_SIGN_IDENTITY = "iPhone Developer";
				COPY_PHASE_STRIP = NO;
				DEBUG_INFORMATION_FORMAT = "dwarf-with-dsym";
				ENABLE_NS_ASSERTIONS = NO;
				ENABLE_STRICT_OBJC_MSGSEND = YES;
				GCC_C_LANGUAGE_STANDARD = gnu11;
				GCC_NO_COMMON_BLOCKS = YES;
				GCC_WARN_64_TO_32_BIT_CONVERSION = YES;
				GCC_WARN_ABOUT_RETURN_TYPE = YES_ERROR;
				GCC_WARN_UNDECLARED_SELECTOR = YES;
				GCC_WARN_UNINITIALIZED_AUTOS = YES_AGGRESSIVE;
				GCC_WARN_UNUSED_FUNCTION = YES;
				GCC_WARN_UNUSED_VARIABLE = YES;
				IPHONEOS_DEPLOYMENT_TARGET = 11.0;
				MTL_ENABLE_DEBUG_INFO = NO;
				SDKROOT = iphoneos;
				SWIFT_OPTIMIZATION_LEVEL = "-Owholemodule";
				VALIDATE_PRODUCT = YES;
			};
			name = Release;
		};
		806903AB1F9607C1005BA062 /* Debug */ = {
			isa = XCBuildConfiguration;
			baseConfigurationReference = D581D841187F3A1593E1BC5D /* Pods-DXOSwift.debug.xcconfig */;
			buildSettings = {
				ASSETCATALOG_COMPILER_APPICON_NAME = AppIcon;
				CODE_SIGN_STYLE = Automatic;
				DEVELOPMENT_TEAM = 977G6XM9PF;
				INFOPLIST_FILE = DXOSwift/Info.plist;
				IPHONEOS_DEPLOYMENT_TARGET = 11.0;
				LD_RUNPATH_SEARCH_PATHS = "$(inherited) @executable_path/Frameworks";
				PRODUCT_BUNDLE_IDENTIFIER = com.ruixingchenlife.DXOSwift;
				PRODUCT_NAME = "$(TARGET_NAME)";
				SWIFT_VERSION = 4.0;
				TARGETED_DEVICE_FAMILY = 1;
			};
			name = Debug;
		};
		806903AC1F9607C1005BA062 /* Release */ = {
			isa = XCBuildConfiguration;
			baseConfigurationReference = 2271530587CAFABC91F757C6 /* Pods-DXOSwift.release.xcconfig */;
			buildSettings = {
				ASSETCATALOG_COMPILER_APPICON_NAME = AppIcon;
				CODE_SIGN_STYLE = Automatic;
				DEVELOPMENT_TEAM = 977G6XM9PF;
				INFOPLIST_FILE = DXOSwift/Info.plist;
				IPHONEOS_DEPLOYMENT_TARGET = 11.0;
				LD_RUNPATH_SEARCH_PATHS = "$(inherited) @executable_path/Frameworks";
				PRODUCT_BUNDLE_IDENTIFIER = com.ruixingchenlife.DXOSwift;
				PRODUCT_NAME = "$(TARGET_NAME)";
				SWIFT_VERSION = 4.0;
				TARGETED_DEVICE_FAMILY = 1;
			};
			name = Release;
		};
/* End XCBuildConfiguration section */

/* Begin XCConfigurationList section */
		806903931F9607C1005BA062 /* Build configuration list for PBXProject "DXOSwift" */ = {
			isa = XCConfigurationList;
			buildConfigurations = (
				806903A81F9607C1005BA062 /* Debug */,
				806903A91F9607C1005BA062 /* Release */,
			);
			defaultConfigurationIsVisible = 0;
			defaultConfigurationName = Release;
		};
		806903AA1F9607C1005BA062 /* Build configuration list for PBXNativeTarget "DXOSwift" */ = {
			isa = XCConfigurationList;
			buildConfigurations = (
				806903AB1F9607C1005BA062 /* Debug */,
				806903AC1F9607C1005BA062 /* Release */,
			);
			defaultConfigurationIsVisible = 0;
			defaultConfigurationName = Release;
		};
/* End XCConfigurationList section */
	};
	rootObject = 806903901F9607C1005BA062 /* Project object */;
}
